// !$*UTF8*$!
{
	archiveVersion = 1;
	classes = {
	};
	objectVersion = 46;
	objects = {

/* Begin PBXBuildFile section */
		63D94026150ADD5B00E9DC95 /* UIKit.framework in Frameworks */ = {isa = PBXBuildFile; fileRef = 63D94025150ADD5B00E9DC95 /* UIKit.framework */; };
		63D94028150ADD5B00E9DC95 /* Foundation.framework in Frameworks */ = {isa = PBXBuildFile; fileRef = 63D94027150ADD5B00E9DC95 /* Foundation.framework */; };
		63D9402A150ADD5B00E9DC95 /* CoreGraphics.framework in Frameworks */ = {isa = PBXBuildFile; fileRef = 63D94029150ADD5B00E9DC95 /* CoreGraphics.framework */; };
		63D94030150ADD5B00E9DC95 /* InfoPlist.strings in Resources */ = {isa = PBXBuildFile; fileRef = 63D9402E150ADD5B00E9DC95 /* InfoPlist.strings */; };
		63D94032150ADD5B00E9DC95 /* main.m in Sources */ = {isa = PBXBuildFile; fileRef = 63D94031150ADD5B00E9DC95 /* main.m */; };
		63D94036150ADD5B00E9DC95 /* AppDelegate.m in Sources */ = {isa = PBXBuildFile; fileRef = 63D94035150ADD5B00E9DC95 /* AppDelegate.m */; };
		63D9404D150AEE9200E9DC95 /* VinesCloud.framework in Frameworks */ = {isa = PBXBuildFile; fileRef = 63D9404C150AEE9200E9DC95 /* VinesCloud.framework */; };
		63F1EF5A150D48A600C3642F /* libxml2.dylib in Frameworks */ = {isa = PBXBuildFile; fileRef = 63F1EF59150D48A600C3642F /* libxml2.dylib */; };
		63F1EF5D150D49B200C3642F /* SystemConfiguration.framework in Frameworks */ = {isa = PBXBuildFile; fileRef = 63F1EF5C150D49B200C3642F /* SystemConfiguration.framework */; };
		63F1EF5F150D49F600C3642F /* CFNetwork.framework in Frameworks */ = {isa = PBXBuildFile; fileRef = 63F1EF5E150D49F600C3642F /* CFNetwork.framework */; };
		63F1EF61150D4A1200C3642F /* libresolv.dylib in Frameworks */ = {isa = PBXBuildFile; fileRef = 63F1EF60150D4A1200C3642F /* libresolv.dylib */; };
/* End PBXBuildFile section */

/* Begin PBXFileReference section */
		63D94021150ADD5B00E9DC95 /* Comments.app */ = {isa = PBXFileReference; explicitFileType = wrapper.application; includeInIndex = 0; path = Comments.app; sourceTree = BUILT_PRODUCTS_DIR; };
		63D94025150ADD5B00E9DC95 /* UIKit.framework */ = {isa = PBXFileReference; lastKnownFileType = wrapper.framework; name = UIKit.framework; path = System/Library/Frameworks/UIKit.framework; sourceTree = SDKROOT; };
		63D94027150ADD5B00E9DC95 /* Foundation.framework */ = {isa = PBXFileReference; lastKnownFileType = wrapper.framework; name = Foundation.framework; path = System/Library/Frameworks/Foundation.framework; sourceTree = SDKROOT; };
		63D94029150ADD5B00E9DC95 /* CoreGraphics.framework */ = {isa = PBXFileReference; lastKnownFileType = wrapper.framework; name = CoreGraphics.framework; path = System/Library/Frameworks/CoreGraphics.framework; sourceTree = SDKROOT; };
		63D9402D150ADD5B00E9DC95 /* Comments-Info.plist */ = {isa = PBXFileReference; lastKnownFileType = text.plist.xml; path = "Comments-Info.plist"; sourceTree = "<group>"; };
		63D9402F150ADD5B00E9DC95 /* en */ = {isa = PBXFileReference; lastKnownFileType = text.plist.strings; name = en; path = en.lproj/InfoPlist.strings; sourceTree = "<group>"; };
		63D94031150ADD5B00E9DC95 /* main.m */ = {isa = PBXFileReference; lastKnownFileType = sourcecode.c.objc; path = main.m; sourceTree = "<group>"; };
		63D94033150ADD5B00E9DC95 /* Comments-Prefix.pch */ = {isa = PBXFileReference; lastKnownFileType = sourcecode.c.h; path = "Comments-Prefix.pch"; sourceTree = "<group>"; };
		63D94034150ADD5B00E9DC95 /* AppDelegate.h */ = {isa = PBXFileReference; lastKnownFileType = sourcecode.c.h; path = AppDelegate.h; sourceTree = "<group>"; };
		63D94035150ADD5B00E9DC95 /* AppDelegate.m */ = {isa = PBXFileReference; lastKnownFileType = sourcecode.c.objc; path = AppDelegate.m; sourceTree = "<group>"; };
		63D9404C150AEE9200E9DC95 /* VinesCloud.framework */ = {isa = PBXFileReference; lastKnownFileType = wrapper.framework; name = VinesCloud.framework; path = ../../VinesCloud.framework; sourceTree = "<group>"; };
		63F1EF59150D48A600C3642F /* libxml2.dylib */ = {isa = PBXFileReference; lastKnownFileType = "compiled.mach-o.dylib"; name = libxml2.dylib; path = usr/lib/libxml2.dylib; sourceTree = SDKROOT; };
		63F1EF5C150D49B200C3642F /* SystemConfiguration.framework */ = {isa = PBXFileReference; lastKnownFileType = wrapper.framework; name = SystemConfiguration.framework; path = System/Library/Frameworks/SystemConfiguration.framework; sourceTree = SDKROOT; };
		63F1EF5E150D49F600C3642F /* CFNetwork.framework */ = {isa = PBXFileReference; lastKnownFileType = wrapper.framework; name = CFNetwork.framework; path = System/Library/Frameworks/CFNetwork.framework; sourceTree = SDKROOT; };
		63F1EF60150D4A1200C3642F /* libresolv.dylib */ = {isa = PBXFileReference; lastKnownFileType = "compiled.mach-o.dylib"; name = libresolv.dylib; path = usr/lib/libresolv.dylib; sourceTree = SDKROOT; };
/* End PBXFileReference section */

/* Begin PBXFrameworksBuildPhase section */
		63D9401E150ADD5B00E9DC95 /* Frameworks */ = {
			isa = PBXFrameworksBuildPhase;
			buildActionMask = 2147483647;
			files = (
				63F1EF5F150D49F600C3642F /* CFNetwork.framework in Frameworks */,
				63F1EF5D150D49B200C3642F /* SystemConfiguration.framework in Frameworks */,
				63D94026150ADD5B00E9DC95 /* UIKit.framework in Frameworks */,
				63D94028150ADD5B00E9DC95 /* Foundation.framework in Frameworks */,
				63D9402A150ADD5B00E9DC95 /* CoreGraphics.framework in Frameworks */,
				63D9404D150AEE9200E9DC95 /* VinesCloud.framework in Frameworks */,
				63F1EF61150D4A1200C3642F /* libresolv.dylib in Frameworks */,
				63F1EF5A150D48A600C3642F /* libxml2.dylib in Frameworks */,
			);
			runOnlyForDeploymentPostprocessing = 0;
		};
/* End PBXFrameworksBuildPhase section */

/* Begin PBXGroup section */
		63D94016150ADD5B00E9DC95 = {
			isa = PBXGroup;
			children = (
				63D9402B150ADD5B00E9DC95 /* Comments */,
				63D94024150ADD5B00E9DC95 /* Frameworks */,
				63D94022150ADD5B00E9DC95 /* Products */,
			);
			sourceTree = "<group>";
		};
		63D94022150ADD5B00E9DC95 /* Products */ = {
			isa = PBXGroup;
			children = (
				63D94021150ADD5B00E9DC95 /* Comments.app */,
			);
			name = Products;
			sourceTree = "<group>";
		};
		63D94024150ADD5B00E9DC95 /* Frameworks */ = {
			isa = PBXGroup;
			children = (
				63F1EF60150D4A1200C3642F /* libresolv.dylib */,
				63F1EF59150D48A600C3642F /* libxml2.dylib */,
				63F1EF5E150D49F600C3642F /* CFNetwork.framework */,
				63F1EF5C150D49B200C3642F /* SystemConfiguration.framework */,
				63D9404C150AEE9200E9DC95 /* VinesCloud.framework */,
				63D94025150ADD5B00E9DC95 /* UIKit.framework */,
				63D94027150ADD5B00E9DC95 /* Foundation.framework */,
				63D94029150ADD5B00E9DC95 /* CoreGraphics.framework */,
			);
			name = Frameworks;
			sourceTree = "<group>";
		};
		63D9402B150ADD5B00E9DC95 /* Comments */ = {
			isa = PBXGroup;
			children = (
				63D94034150ADD5B00E9DC95 /* AppDelegate.h */,
				63D94035150ADD5B00E9DC95 /* AppDelegate.m */,
				63D9402C150ADD5B00E9DC95 /* Supporting Files */,
			);
			path = Comments;
			sourceTree = "<group>";
		};
		63D9402C150ADD5B00E9DC95 /* Supporting Files */ = {
			isa = PBXGroup;
			children = (
				63D9402D150ADD5B00E9DC95 /* Comments-Info.plist */,
				63D9402E150ADD5B00E9DC95 /* InfoPlist.strings */,
				63D94031150ADD5B00E9DC95 /* main.m */,
				63D94033150ADD5B00E9DC95 /* Comments-Prefix.pch */,
			);
			name = "Supporting Files";
			sourceTree = "<group>";
		};
/* End PBXGroup section */

/* Begin PBXNativeTarget section */
		63D94020150ADD5B00E9DC95 /* Comments */ = {
			isa = PBXNativeTarget;
			buildConfigurationList = 63D94039150ADD5B00E9DC95 /* Build configuration list for PBXNativeTarget "Comments" */;
			buildPhases = (
				63D9401D150ADD5B00E9DC95 /* Sources */,
				63D9401E150ADD5B00E9DC95 /* Frameworks */,
				63D9401F150ADD5B00E9DC95 /* Resources */,
			);
			buildRules = (
			);
			dependencies = (
			);
			name = Comments;
			productName = Comments;
			productReference = 63D94021150ADD5B00E9DC95 /* Comments.app */;
			productType = "com.apple.product-type.application";
		};
/* End PBXNativeTarget section */

/* Begin PBXProject section */
		63D94018150ADD5B00E9DC95 /* Project object */ = {
			isa = PBXProject;
			attributes = {
				LastUpgradeCheck = 0420;
			};
			buildConfigurationList = 63D9401B150ADD5B00E9DC95 /* Build configuration list for PBXProject "Comments" */;
			compatibilityVersion = "Xcode 3.2";
			developmentRegion = English;
			hasScannedForEncodings = 0;
			knownRegions = (
				en,
			);
			mainGroup = 63D94016150ADD5B00E9DC95;
			productRefGroup = 63D94022150ADD5B00E9DC95 /* Products */;
			projectDirPath = "";
			projectRoot = "";
			targets = (
				63D94020150ADD5B00E9DC95 /* Comments */,
			);
		};
/* End PBXProject section */

/* Begin PBXResourcesBuildPhase section */
		63D9401F150ADD5B00E9DC95 /* Resources */ = {
			isa = PBXResourcesBuildPhase;
			buildActionMask = 2147483647;
			files = (
				63D94030150ADD5B00E9DC95 /* InfoPlist.strings in Resources */,
			);
			runOnlyForDeploymentPostprocessing = 0;
		};
/* End PBXResourcesBuildPhase section */

/* Begin PBXSourcesBuildPhase section */
		63D9401D150ADD5B00E9DC95 /* Sources */ = {
			isa = PBXSourcesBuildPhase;
			buildActionMask = 2147483647;
			files = (
				63D94032150ADD5B00E9DC95 /* main.m in Sources */,
				63D94036150ADD5B00E9DC95 /* AppDelegate.m in Sources */,
			);
			runOnlyForDeploymentPostprocessing = 0;
		};
/* End PBXSourcesBuildPhase section */

/* Begin PBXVariantGroup section */
		63D9402E150ADD5B00E9DC95 /* InfoPlist.strings */ = {
			isa = PBXVariantGroup;
			children = (
				63D9402F150ADD5B00E9DC95 /* en */,
			);
			name = InfoPlist.strings;
			sourceTree = "<group>";
		};
/* End PBXVariantGroup section */

/* Begin XCBuildConfiguration section */
		63D94037150ADD5B00E9DC95 /* Debug */ = {
			isa = XCBuildConfiguration;
			buildSettings = {
				ALWAYS_SEARCH_USER_PATHS = NO;
				ARCHS = "$(ARCHS_STANDARD_32_BIT)";
				CLANG_ENABLE_OBJC_ARC = YES;
				"CODE_SIGN_IDENTITY[sdk=iphoneos*]" = "iPhone Developer";
				COPY_PHASE_STRIP = NO;
				GCC_C_LANGUAGE_STANDARD = gnu99;
				GCC_DYNAMIC_NO_PIC = NO;
				GCC_OPTIMIZATION_LEVEL = 0;
				GCC_PREPROCESSOR_DEFINITIONS = (
					"DEBUG=1",
					"$(inherited)",
				);
				GCC_SYMBOLS_PRIVATE_EXTERN = NO;
				GCC_VERSION = com.apple.compilers.llvm.clang.1_0;
				GCC_WARN_ABOUT_MISSING_PROTOTYPES = YES;
				GCC_WARN_ABOUT_RETURN_TYPE = YES;
				GCC_WARN_UNUSED_VARIABLE = YES;
				HEADER_SEARCH_PATHS = /usr/include/libxml2;
				IPHONEOS_DEPLOYMENT_TARGET = 5.0;
				OTHER_LDFLAGS = "-ObjC";
				SDKROOT = iphoneos;
				TARGETED_DEVICE_FAMILY = "1,2";
			};
			name = Debug;
		};
		63D94038150ADD5B00E9DC95 /* Release */ = {
			isa = XCBuildConfiguration;
			buildSettings = {
				ALWAYS_SEARCH_USER_PATHS = NO;
				ARCHS = "$(ARCHS_STANDARD_32_BIT)";
				CLANG_ENABLE_OBJC_ARC = YES;
				"CODE_SIGN_IDENTITY[sdk=iphoneos*]" = "iPhone Developer";
				COPY_PHASE_STRIP = YES;
				GCC_C_LANGUAGE_STANDARD = gnu99;
				GCC_VERSION = com.apple.compilers.llvm.clang.1_0;
				GCC_WARN_ABOUT_MISSING_PROTOTYPES = YES;
				GCC_WARN_ABOUT_RETURN_TYPE = YES;
				GCC_WARN_UNUSED_VARIABLE = YES;
				HEADER_SEARCH_PATHS = /usr/include/libxml2;
				IPHONEOS_DEPLOYMENT_TARGET = 5.0;
				OTHER_CFLAGS = "-DNS_BLOCK_ASSERTIONS=1";
				OTHER_LDFLAGS = "-ObjC";
				SDKROOT = iphoneos;
				TARGETED_DEVICE_FAMILY = "1,2";
				VALIDATE_PRODUCT = YES;
			};
			name = Release;
		};
		63D9403A150ADD5B00E9DC95 /* Debug */ = {
			isa = XCBuildConfiguration;
			buildSettings = {
				FRAMEWORK_SEARCH_PATHS = (
					"$(inherited)",
					"\"$(SRCROOT)\"",
					"\"$(SRCROOT)/../../..\"",
					"\"$(SRCROOT)/../..\"",
				);
				GCC_PRECOMPILE_PREFIX_HEADER = YES;
				GCC_PREFIX_HEADER = "Comments/Comments-Prefix.pch";
				HEADER_SEARCH_PATHS = /usr/include/libxml2;
				INFOPLIST_FILE = "Comments/Comments-Info.plist";
				PRODUCT_NAME = "$(TARGET_NAME)";
				WRAPPER_EXTENSION = app;
			};
			name = Debug;
		};
		63D9403B150ADD5B00E9DC95 /* Release */ = {
			isa = XCBuildConfiguration;
			buildSettings = {
				FRAMEWORK_SEARCH_PATHS = (
					"$(inherited)",
					"\"$(SRCROOT)\"",
					"\"$(SRCROOT)/../../..\"",
					"\"$(SRCROOT)/../..\"",
				);
				GCC_PRECOMPILE_PREFIX_HEADER = YES;
				GCC_PREFIX_HEADER = "Comments/Comments-Prefix.pch";
				HEADER_SEARCH_PATHS = /usr/include/libxml2;
				INFOPLIST_FILE = "Comments/Comments-Info.plist";
				PRODUCT_NAME = "$(TARGET_NAME)";
				WRAPPER_EXTENSION = app;
			};
			name = Release;
		};
/* End XCBuildConfiguration section */

/* Begin XCConfigurationList section */
		63D9401B150ADD5B00E9DC95 /* Build configuration list for PBXProject "Comments" */ = {
			isa = XCConfigurationList;
			buildConfigurations = (
				63D94037150ADD5B00E9DC95 /* Debug */,
				63D94038150ADD5B00E9DC95 /* Release */,
			);
			defaultConfigurationIsVisible = 0;
			defaultConfigurationName = Release;
		};
		63D94039150ADD5B00E9DC95 /* Build configuration list for PBXNativeTarget "Comments" */ = {
			isa = XCConfigurationList;
			buildConfigurations = (
				63D9403A150ADD5B00E9DC95 /* Debug */,
				63D9403B150ADD5B00E9DC95 /* Release */,
			);
			defaultConfigurationIsVisible = 0;
			defaultConfigurationName = Release;
		};
/* End XCConfigurationList section */
	};
	rootObject = 63D94018150ADD5B00E9DC95 /* Project object */;
}
